// !$*UTF8*$!
{
	archiveVersion = 1;
	classes = {
	};
	objectVersion = 50;
	objects = {

/* Begin PBXBuildFile section */
		7B3387A824BE19D80030F277 /* Add Binary.swift in Sources */ = {isa = PBXBuildFile; fileRef = 7B3387A724BE19D80030F277 /* Add Binary.swift */; };
		7B3387AA24BE2C5F0030F277 /* 3Sum.swift in Sources */ = {isa = PBXBuildFile; fileRef = 7B3387A924BE2C5F0030F277 /* 3Sum.swift */; };
		7B8416F124BD1651005B65A8 /* Single Number.swift in Sources */ = {isa = PBXBuildFile; fileRef = 7B8416F024BD1651005B65A8 /* Single Number.swift */; };
		7B8416F324BD1F46005B65A8 /* Self Dividing Numbers.swift in Sources */ = {isa = PBXBuildFile; fileRef = 7B8416F224BD1F46005B65A8 /* Self Dividing Numbers.swift */; };
		7B8E919624A2AFDA00A1E4FA /* Asteroid Collision.swift in Sources */ = {isa = PBXBuildFile; fileRef = 7B8E919524A2AFDA00A1E4FA /* Asteroid Collision.swift */; };
		7B8FF57624A3F6170090179B /* Binary Tree Coloring Game.swift in Sources */ = {isa = PBXBuildFile; fileRef = 7B8FF57524A3F6170090179B /* Binary Tree Coloring Game.swift */; };
		7B8FF57824A40C160090179B /* Path Sum II.swift in Sources */ = {isa = PBXBuildFile; fileRef = 7B8FF57724A40C160090179B /* Path Sum II.swift */; };
		7B8FF57A24A40C2B0090179B /* TreeNode.swift in Sources */ = {isa = PBXBuildFile; fileRef = 7B8FF57924A40C2B0090179B /* TreeNode.swift */; };
		7B930520248ED87400AA5DBE /* Longest Increasing Subsequence.swift in Sources */ = {isa = PBXBuildFile; fileRef = 7B93051F248ED87400AA5DBE /* Longest Increasing Subsequence.swift */; };
		7B930522248ED8DB00AA5DBE /* Task Scheduler.swift in Sources */ = {isa = PBXBuildFile; fileRef = 7B930521248ED8DB00AA5DBE /* Task Scheduler.swift */; };
		7B930524248ED92700AA5DBE /* Sum of Square Numbers.swift in Sources */ = {isa = PBXBuildFile; fileRef = 7B930523248ED92700AA5DBE /* Sum of Square Numbers.swift */; };
		7B930526248ED96000AA5DBE /* Network Delay Time.swift in Sources */ = {isa = PBXBuildFile; fileRef = 7B930525248ED96000AA5DBE /* Network Delay Time.swift */; };
		7B930528248ED9A500AA5DBE /* Partition Labels.swift in Sources */ = {isa = PBXBuildFile; fileRef = 7B930527248ED9A500AA5DBE /* Partition Labels.swift */; };
		7B93052A248ED9EA00AA5DBE /* Cheapest Flights Within K Stops.swift in Sources */ = {isa = PBXBuildFile; fileRef = 7B930529248ED9EA00AA5DBE /* Cheapest Flights Within K Stops.swift */; };
		7B98F04824A9578B00A481DB /* Trapping Rain Water.swift in Sources */ = {isa = PBXBuildFile; fileRef = 7B98F04724A9578B00A481DB /* Trapping Rain Water.swift */; };
		7B98F04A24A96EEE00A481DB /* Subsets.swift in Sources */ = {isa = PBXBuildFile; fileRef = 7B98F04924A96EEE00A481DB /* Subsets.swift */; };
		7BA3C66C249D6C5F00AAC951 /* Permutations II.swift in Sources */ = {isa = PBXBuildFile; fileRef = 7BA3C66B249D6C5F00AAC951 /* Permutations II.swift */; };
		7BA3C66E249D7ABA00AAC951 /* Backspace String Compare.swift in Sources */ = {isa = PBXBuildFile; fileRef = 7BA3C66D249D7ABA00AAC951 /* Backspace String Compare.swift */; };
		7BAB56DF24A15A4D00D8E870 /* Ugly Number II.swift in Sources */ = {isa = PBXBuildFile; fileRef = 7BAB56DE24A15A4D00D8E870 /* Ugly Number II.swift */; };
		7BAB56E124A17A0900D8E870 /* Number of Students Doing Homework at a Given Time.swift in Sources */ = {isa = PBXBuildFile; fileRef = 7BAB56E024A17A0900D8E870 /* Number of Students Doing Homework at a Given Time.swift */; };
		7BAB56E324A17CAD00D8E870 /* Find the Minimum Number of Fibonacci Numbers Whose Sum Is K.swift in Sources */ = {isa = PBXBuildFile; fileRef = 7BAB56E224A17CAD00D8E870 /* Find the Minimum Number of Fibonacci Numbers Whose Sum Is K.swift */; };
		7BAC434524B529EF001E6A9D /* Single Element in a Sorted Array.swift in Sources */ = {isa = PBXBuildFile; fileRef = 7BAC434424B529EF001E6A9D /* Single Element in a Sorted Array.swift */; };
		7BAC434724B52E80001E6A9D /* Reverse Substrings Between Each Pair of Parentheses.swift in Sources */ = {isa = PBXBuildFile; fileRef = 7BAC434624B52E80001E6A9D /* Reverse Substrings Between Each Pair of Parentheses.swift */; };
		7BADD53F24A6A1FA0000E29A /* Triangle.swift in Sources */ = {isa = PBXBuildFile; fileRef = 7BADD53E24A6A1FA0000E29A /* Triangle.swift */; };
		7BADD54124A6AB9A0000E29A /* Shift 2D Grid.swift in Sources */ = {isa = PBXBuildFile; fileRef = 7BADD54024A6AB9A0000E29A /* Shift 2D Grid.swift */; };
		7BADD54324A6B50B0000E29A /* Shortest Distance to a Character.swift in Sources */ = {isa = PBXBuildFile; fileRef = 7BADD54224A6B50B0000E29A /* Shortest Distance to a Character.swift */; };
		7BB16F64248D6549009C9611 /* main.swift in Sources */ = {isa = PBXBuildFile; fileRef = 7BB16F63248D6549009C9611 /* main.swift */; };
		7BB16F6B248D659E009C9611 /* Maximum Subarray.swift in Sources */ = {isa = PBXBuildFile; fileRef = 7BB16F6A248D659E009C9611 /* Maximum Subarray.swift */; };
		7BB16F6D248D6E69009C9611 /* Climbing Stairs.swift in Sources */ = {isa = PBXBuildFile; fileRef = 7BB16F6C248D6E69009C9611 /* Climbing Stairs.swift */; };
		7BB16F6F248D6FB3009C9611 /* Gas Station.swift in Sources */ = {isa = PBXBuildFile; fileRef = 7BB16F6E248D6FB3009C9611 /* Gas Station.swift */; };
		7BB16F71248D6FFC009C9611 /* Course Schedule.swift in Sources */ = {isa = PBXBuildFile; fileRef = 7BB16F70248D6FFC009C9611 /* Course Schedule.swift */; };
		7BB16F73248D7048009C9611 /* Course Schedule II.swift in Sources */ = {isa = PBXBuildFile; fileRef = 7BB16F72248D7048009C9611 /* Course Schedule II.swift */; };
		7BB16F75248D707E009C9611 /* Friend Circles.swift in Sources */ = {isa = PBXBuildFile; fileRef = 7BB16F74248D707E009C9611 /* Friend Circles.swift */; };
		7BB16F77248D70B5009C9611 /* Two City Scheduling.swift in Sources */ = {isa = PBXBuildFile; fileRef = 7BB16F76248D70B5009C9611 /* Two City Scheduling.swift */; };
		7BB222FE249C1D76008BE0C8 /* Number Complement.swift in Sources */ = {isa = PBXBuildFile; fileRef = 7BB222FD249C1D76008BE0C8 /* Number Complement.swift */; };
		7BB4DC5224AA6CC9006A2AA6 /* Rectangle Overlap.swift in Sources */ = {isa = PBXBuildFile; fileRef = 7BB4DC5124AA6CC9006A2AA6 /* Rectangle Overlap.swift */; };
		7BB87AE924B296350087309C /* Partition Equal Subset Sum.swift in Sources */ = {isa = PBXBuildFile; fileRef = 7BB87AE824B296350087309C /* Partition Equal Subset Sum.swift */; };
		7BC3A98E24B3C32A00D88A52 /* Number of Digit One.swift in Sources */ = {isa = PBXBuildFile; fileRef = 7BC3A98D24B3C32A00D88A52 /* Number of Digit One.swift */; };
		7BC3A99024B3C90E00D88A52 /*  Add Two Numbers.swift in Sources */ = {isa = PBXBuildFile; fileRef = 7BC3A98F24B3C90E00D88A52 /*  Add Two Numbers.swift */; };
		7BC9665024AD8E13002CDF48 /* Generate Parentheses.swift in Sources */ = {isa = PBXBuildFile; fileRef = 7BC9664F24AD8E13002CDF48 /* Generate Parentheses.swift */; };
		7BCE00CF249A70DF00A8666C /* Set Matrix Zeroes.swift in Sources */ = {isa = PBXBuildFile; fileRef = 7BCE00CE249A70DF00A8666C /* Set Matrix Zeroes.swift */; };
		7BCE00D2249A757F00A8666C /* Array+ArrayTool.swift in Sources */ = {isa = PBXBuildFile; fileRef = 7BCE00D1249A757F00A8666C /* Array+ArrayTool.swift */; };
		7BCE00D4249A758800A8666C /* String+DPStringTool.swift in Sources */ = {isa = PBXBuildFile; fileRef = 7BCE00D3249A758800A8666C /* String+DPStringTool.swift */; };
		7BCE00D6249A953000A8666C /* Group Anagrams.swift in Sources */ = {isa = PBXBuildFile; fileRef = 7BCE00D5249A953000A8666C /* Group Anagrams.swift */; };
		7BCE00D8249AA1B100A8666C /* Basic Calculator.swift in Sources */ = {isa = PBXBuildFile; fileRef = 7BCE00D7249AA1B100A8666C /* Basic Calculator.swift */; };
		7BD0D03D24BF830E0005AFCB /* Counting Bits.swift in Sources */ = {isa = PBXBuildFile; fileRef = 7BD0D03C24BF830E0005AFCB /* Counting Bits.swift */; };
		7BD0D03F24BFBC370005AFCB /* Reverse Linked List.swift in Sources */ = {isa = PBXBuildFile; fileRef = 7BD0D03E24BFBC370005AFCB /* Reverse Linked List.swift */; };
/* End PBXBuildFile section */

/* Begin PBXCopyFilesBuildPhase section */
		7BB16F5E248D6549009C9611 /* CopyFiles */ = {
			isa = PBXCopyFilesBuildPhase;
			buildActionMask = 2147483647;
			dstPath = /usr/share/man/man1/;
			dstSubfolderSpec = 0;
			files = (
			);
			runOnlyForDeploymentPostprocessing = 1;
		};
/* End PBXCopyFilesBuildPhase section */

/* Begin PBXFileReference section */
		7B3387A724BE19D80030F277 /* Add Binary.swift */ = {isa = PBXFileReference; lastKnownFileType = sourcecode.swift; path = "Add Binary.swift"; sourceTree = "<group>"; };
		7B3387A924BE2C5F0030F277 /* 3Sum.swift */ = {isa = PBXFileReference; lastKnownFileType = sourcecode.swift; path = 3Sum.swift; sourceTree = "<group>"; };
		7B8416F024BD1651005B65A8 /* Single Number.swift */ = {isa = PBXFileReference; lastKnownFileType = sourcecode.swift; path = "Single Number.swift"; sourceTree = "<group>"; };
		7B8416F224BD1F46005B65A8 /* Self Dividing Numbers.swift */ = {isa = PBXFileReference; lastKnownFileType = sourcecode.swift; path = "Self Dividing Numbers.swift"; sourceTree = "<group>"; };
		7B8E919524A2AFDA00A1E4FA /* Asteroid Collision.swift */ = {isa = PBXFileReference; lastKnownFileType = sourcecode.swift; path = "Asteroid Collision.swift"; sourceTree = "<group>"; };
		7B8FF57524A3F6170090179B /* Binary Tree Coloring Game.swift */ = {isa = PBXFileReference; lastKnownFileType = sourcecode.swift; path = "Binary Tree Coloring Game.swift"; sourceTree = "<group>"; };
		7B8FF57724A40C160090179B /* Path Sum II.swift */ = {isa = PBXFileReference; lastKnownFileType = sourcecode.swift; path = "Path Sum II.swift"; sourceTree = "<group>"; };
		7B8FF57924A40C2B0090179B /* TreeNode.swift */ = {isa = PBXFileReference; lastKnownFileType = sourcecode.swift; path = TreeNode.swift; sourceTree = "<group>"; };
		7B93051F248ED87400AA5DBE /* Longest Increasing Subsequence.swift */ = {isa = PBXFileReference; lastKnownFileType = sourcecode.swift; path = "Longest Increasing Subsequence.swift"; sourceTree = "<group>"; };
		7B930521248ED8DB00AA5DBE /* Task Scheduler.swift */ = {isa = PBXFileReference; lastKnownFileType = sourcecode.swift; path = "Task Scheduler.swift"; sourceTree = "<group>"; };
		7B930523248ED92700AA5DBE /* Sum of Square Numbers.swift */ = {isa = PBXFileReference; lastKnownFileType = sourcecode.swift; path = "Sum of Square Numbers.swift"; sourceTree = "<group>"; };
		7B930525248ED96000AA5DBE /* Network Delay Time.swift */ = {isa = PBXFileReference; lastKnownFileType = sourcecode.swift; path = "Network Delay Time.swift"; sourceTree = "<group>"; };
		7B930527248ED9A500AA5DBE /* Partition Labels.swift */ = {isa = PBXFileReference; lastKnownFileType = sourcecode.swift; path = "Partition Labels.swift"; sourceTree = "<group>"; };
		7B930529248ED9EA00AA5DBE /* Cheapest Flights Within K Stops.swift */ = {isa = PBXFileReference; lastKnownFileType = sourcecode.swift; path = "Cheapest Flights Within K Stops.swift"; sourceTree = "<group>"; };
		7B98F04724A9578B00A481DB /* Trapping Rain Water.swift */ = {isa = PBXFileReference; lastKnownFileType = sourcecode.swift; path = "Trapping Rain Water.swift"; sourceTree = "<group>"; };
		7B98F04924A96EEE00A481DB /* Subsets.swift */ = {isa = PBXFileReference; lastKnownFileType = sourcecode.swift; path = Subsets.swift; sourceTree = "<group>"; };
		7BA3C66B249D6C5F00AAC951 /* Permutations II.swift */ = {isa = PBXFileReference; lastKnownFileType = sourcecode.swift; path = "Permutations II.swift"; sourceTree = "<group>"; };
		7BA3C66D249D7ABA00AAC951 /* Backspace String Compare.swift */ = {isa = PBXFileReference; lastKnownFileType = sourcecode.swift; path = "Backspace String Compare.swift"; sourceTree = "<group>"; };
		7BAB56DE24A15A4D00D8E870 /* Ugly Number II.swift */ = {isa = PBXFileReference; lastKnownFileType = sourcecode.swift; path = "Ugly Number II.swift"; sourceTree = "<group>"; };
		7BAB56E024A17A0900D8E870 /* Number of Students Doing Homework at a Given Time.swift */ = {isa = PBXFileReference; lastKnownFileType = sourcecode.swift; path = "Number of Students Doing Homework at a Given Time.swift"; sourceTree = "<group>"; };
		7BAB56E224A17CAD00D8E870 /* Find the Minimum Number of Fibonacci Numbers Whose Sum Is K.swift */ = {isa = PBXFileReference; lastKnownFileType = sourcecode.swift; path = "Find the Minimum Number of Fibonacci Numbers Whose Sum Is K.swift"; sourceTree = "<group>"; };
		7BAC434424B529EF001E6A9D /* Single Element in a Sorted Array.swift */ = {isa = PBXFileReference; lastKnownFileType = sourcecode.swift; path = "Single Element in a Sorted Array.swift"; sourceTree = "<group>"; };
		7BAC434624B52E80001E6A9D /* Reverse Substrings Between Each Pair of Parentheses.swift */ = {isa = PBXFileReference; lastKnownFileType = sourcecode.swift; path = "Reverse Substrings Between Each Pair of Parentheses.swift"; sourceTree = "<group>"; };
		7BADD53E24A6A1FA0000E29A /* Triangle.swift */ = {isa = PBXFileReference; lastKnownFileType = sourcecode.swift; path = Triangle.swift; sourceTree = "<group>"; };
		7BADD54024A6AB9A0000E29A /* Shift 2D Grid.swift */ = {isa = PBXFileReference; lastKnownFileType = sourcecode.swift; path = "Shift 2D Grid.swift"; sourceTree = "<group>"; };
		7BADD54224A6B50B0000E29A /* Shortest Distance to a Character.swift */ = {isa = PBXFileReference; lastKnownFileType = sourcecode.swift; path = "Shortest Distance to a Character.swift"; sourceTree = "<group>"; };
		7BB16F60248D6549009C9611 /* Algorithms_And_LeetCode_Answer */ = {isa = PBXFileReference; explicitFileType = "compiled.mach-o.executable"; includeInIndex = 0; path = Algorithms_And_LeetCode_Answer; sourceTree = BUILT_PRODUCTS_DIR; };
		7BB16F63248D6549009C9611 /* main.swift */ = {isa = PBXFileReference; lastKnownFileType = sourcecode.swift; path = main.swift; sourceTree = "<group>"; };
		7BB16F6A248D659E009C9611 /* Maximum Subarray.swift */ = {isa = PBXFileReference; lastKnownFileType = sourcecode.swift; path = "Maximum Subarray.swift"; sourceTree = "<group>"; };
		7BB16F6C248D6E69009C9611 /* Climbing Stairs.swift */ = {isa = PBXFileReference; lastKnownFileType = sourcecode.swift; path = "Climbing Stairs.swift"; sourceTree = "<group>"; };
		7BB16F6E248D6FB3009C9611 /* Gas Station.swift */ = {isa = PBXFileReference; lastKnownFileType = sourcecode.swift; path = "Gas Station.swift"; sourceTree = "<group>"; };
		7BB16F70248D6FFC009C9611 /* Course Schedule.swift */ = {isa = PBXFileReference; lastKnownFileType = sourcecode.swift; path = "Course Schedule.swift"; sourceTree = "<group>"; };
		7BB16F72248D7048009C9611 /* Course Schedule II.swift */ = {isa = PBXFileReference; lastKnownFileType = sourcecode.swift; path = "Course Schedule II.swift"; sourceTree = "<group>"; };
		7BB16F74248D707E009C9611 /* Friend Circles.swift */ = {isa = PBXFileReference; lastKnownFileType = sourcecode.swift; path = "Friend Circles.swift"; sourceTree = "<group>"; };
		7BB16F76248D70B5009C9611 /* Two City Scheduling.swift */ = {isa = PBXFileReference; lastKnownFileType = sourcecode.swift; path = "Two City Scheduling.swift"; sourceTree = "<group>"; };
		7BB222FD249C1D76008BE0C8 /* Number Complement.swift */ = {isa = PBXFileReference; lastKnownFileType = sourcecode.swift; path = "Number Complement.swift"; sourceTree = "<group>"; };
		7BB4DC5124AA6CC9006A2AA6 /* Rectangle Overlap.swift */ = {isa = PBXFileReference; lastKnownFileType = sourcecode.swift; path = "Rectangle Overlap.swift"; sourceTree = "<group>"; };
		7BB87AE824B296350087309C /* Partition Equal Subset Sum.swift */ = {isa = PBXFileReference; lastKnownFileType = sourcecode.swift; path = "Partition Equal Subset Sum.swift"; sourceTree = "<group>"; };
		7BC3A98D24B3C32A00D88A52 /* Number of Digit One.swift */ = {isa = PBXFileReference; lastKnownFileType = sourcecode.swift; path = "Number of Digit One.swift"; sourceTree = "<group>"; };
		7BC3A98F24B3C90E00D88A52 /*  Add Two Numbers.swift */ = {isa = PBXFileReference; lastKnownFileType = sourcecode.swift; path = " Add Two Numbers.swift"; sourceTree = "<group>"; };
		7BC9664F24AD8E13002CDF48 /* Generate Parentheses.swift */ = {isa = PBXFileReference; lastKnownFileType = sourcecode.swift; path = "Generate Parentheses.swift"; sourceTree = "<group>"; };
		7BCE00CE249A70DF00A8666C /* Set Matrix Zeroes.swift */ = {isa = PBXFileReference; lastKnownFileType = sourcecode.swift; path = "Set Matrix Zeroes.swift"; sourceTree = "<group>"; };
		7BCE00D1249A757F00A8666C /* Array+ArrayTool.swift */ = {isa = PBXFileReference; fileEncoding = 4; lastKnownFileType = sourcecode.swift; path = "Array+ArrayTool.swift"; sourceTree = "<group>"; };
		7BCE00D3249A758800A8666C /* String+DPStringTool.swift */ = {isa = PBXFileReference; fileEncoding = 4; lastKnownFileType = sourcecode.swift; path = "String+DPStringTool.swift"; sourceTree = "<group>"; };
		7BCE00D5249A953000A8666C /* Group Anagrams.swift */ = {isa = PBXFileReference; lastKnownFileType = sourcecode.swift; path = "Group Anagrams.swift"; sourceTree = "<group>"; };
		7BCE00D7249AA1B100A8666C /* Basic Calculator.swift */ = {isa = PBXFileReference; lastKnownFileType = sourcecode.swift; path = "Basic Calculator.swift"; sourceTree = "<group>"; };
		7BD0D03C24BF830E0005AFCB /* Counting Bits.swift */ = {isa = PBXFileReference; lastKnownFileType = sourcecode.swift; path = "Counting Bits.swift"; sourceTree = "<group>"; };
		7BD0D03E24BFBC370005AFCB /* Reverse Linked List.swift */ = {isa = PBXFileReference; lastKnownFileType = sourcecode.swift; path = "Reverse Linked List.swift"; sourceTree = "<group>"; };
/* End PBXFileReference section */

/* Begin PBXFrameworksBuildPhase section */
		7BB16F5D248D6549009C9611 /* Frameworks */ = {
			isa = PBXFrameworksBuildPhase;
			buildActionMask = 2147483647;
			files = (
			);
			runOnlyForDeploymentPostprocessing = 0;
		};
/* End PBXFrameworksBuildPhase section */

/* Begin PBXGroup section */
		7BB16F57248D6549009C9611 = {
			isa = PBXGroup;
			children = (
				7BB16F62248D6549009C9611 /* Algorithms_And_LeetCode_Answer */,
				7BB16F61248D6549009C9611 /* Products */,
			);
			sourceTree = "<group>";
		};
		7BB16F61248D6549009C9611 /* Products */ = {
			isa = PBXGroup;
			children = (
				7BB16F60248D6549009C9611 /* Algorithms_And_LeetCode_Answer */,
			);
			name = Products;
			sourceTree = "<group>";
		};
		7BB16F62248D6549009C9611 /* Algorithms_And_LeetCode_Answer */ = {
			isa = PBXGroup;
			children = (
				7BCE00D0249A727100A8666C /* Utils */,
				7BB16F63248D6549009C9611 /* main.swift */,
				7BB16F6A248D659E009C9611 /* Maximum Subarray.swift */,
				7BB16F6C248D6E69009C9611 /* Climbing Stairs.swift */,
				7BB16F6E248D6FB3009C9611 /* Gas Station.swift */,
				7BB16F70248D6FFC009C9611 /* Course Schedule.swift */,
				7BB16F72248D7048009C9611 /* Course Schedule II.swift */,
				7BB16F74248D707E009C9611 /* Friend Circles.swift */,
				7BB16F76248D70B5009C9611 /* Two City Scheduling.swift */,
				7B93051F248ED87400AA5DBE /* Longest Increasing Subsequence.swift */,
				7B930521248ED8DB00AA5DBE /* Task Scheduler.swift */,
				7B930523248ED92700AA5DBE /* Sum of Square Numbers.swift */,
				7B930525248ED96000AA5DBE /* Network Delay Time.swift */,
				7B930527248ED9A500AA5DBE /* Partition Labels.swift */,
				7B930529248ED9EA00AA5DBE /* Cheapest Flights Within K Stops.swift */,
				7BCE00CE249A70DF00A8666C /* Set Matrix Zeroes.swift */,
				7BCE00D5249A953000A8666C /* Group Anagrams.swift */,
				7BCE00D7249AA1B100A8666C /* Basic Calculator.swift */,
				7BB222FD249C1D76008BE0C8 /* Number Complement.swift */,
				7BA3C66B249D6C5F00AAC951 /* Permutations II.swift */,
				7BA3C66D249D7ABA00AAC951 /* Backspace String Compare.swift */,
				7BAB56DE24A15A4D00D8E870 /* Ugly Number II.swift */,
				7BAB56E024A17A0900D8E870 /* Number of Students Doing Homework at a Given Time.swift */,
				7BAB56E224A17CAD00D8E870 /* Find the Minimum Number of Fibonacci Numbers Whose Sum Is K.swift */,
				7B8E919524A2AFDA00A1E4FA /* Asteroid Collision.swift */,
				7B8FF57524A3F6170090179B /* Binary Tree Coloring Game.swift */,
				7B8FF57724A40C160090179B /* Path Sum II.swift */,
				7BADD53E24A6A1FA0000E29A /* Triangle.swift */,
				7BADD54024A6AB9A0000E29A /* Shift 2D Grid.swift */,
				7BADD54224A6B50B0000E29A /* Shortest Distance to a Character.swift */,
				7B98F04724A9578B00A481DB /* Trapping Rain Water.swift */,
				7B98F04924A96EEE00A481DB /* Subsets.swift */,
				7BB4DC5124AA6CC9006A2AA6 /* Rectangle Overlap.swift */,
				7BC9664F24AD8E13002CDF48 /* Generate Parentheses.swift */,
				7BB87AE824B296350087309C /* Partition Equal Subset Sum.swift */,
				7BC3A98D24B3C32A00D88A52 /* Number of Digit One.swift */,
				7BC3A98F24B3C90E00D88A52 /*  Add Two Numbers.swift */,
				7BAC434424B529EF001E6A9D /* Single Element in a Sorted Array.swift */,
				7BAC434624B52E80001E6A9D /* Reverse Substrings Between Each Pair of Parentheses.swift */,
				7B8416F024BD1651005B65A8 /* Single Number.swift */,
				7B8416F224BD1F46005B65A8 /* Self Dividing Numbers.swift */,
				7B3387A724BE19D80030F277 /* Add Binary.swift */,
				7B3387A924BE2C5F0030F277 /* 3Sum.swift */,
				7BD0D03C24BF830E0005AFCB /* Counting Bits.swift */,
				7BD0D03E24BFBC370005AFCB /* Reverse Linked List.swift */,
			);
			path = Algorithms_And_LeetCode_Answer;
			sourceTree = "<group>";
		};
		7BCE00D0249A727100A8666C /* Utils */ = {
			isa = PBXGroup;
			children = (
				7BCE00D1249A757F00A8666C /* Array+ArrayTool.swift */,
				7BCE00D3249A758800A8666C /* String+DPStringTool.swift */,
				7B8FF57924A40C2B0090179B /* TreeNode.swift */,
			);
			path = Utils;
			sourceTree = "<group>";
		};
/* End PBXGroup section */

/* Begin PBXNativeTarget section */
		7BB16F5F248D6549009C9611 /* Algorithms_And_LeetCode_Answer */ = {
			isa = PBXNativeTarget;
			buildConfigurationList = 7BB16F67248D6549009C9611 /* Build configuration list for PBXNativeTarget "Algorithms_And_LeetCode_Answer" */;
			buildPhases = (
				7BB16F5C248D6549009C9611 /* Sources */,
				7BB16F5D248D6549009C9611 /* Frameworks */,
				7BB16F5E248D6549009C9611 /* CopyFiles */,
			);
			buildRules = (
			);
			dependencies = (
			);
			name = Algorithms_And_LeetCode_Answer;
			productName = Algorithms_And_LeetCode_Answer;
			productReference = 7BB16F60248D6549009C9611 /* Algorithms_And_LeetCode_Answer */;
			productType = "com.apple.product-type.tool";
		};
/* End PBXNativeTarget section */

/* Begin PBXProject section */
		7BB16F58248D6549009C9611 /* Project object */ = {
			isa = PBXProject;
			attributes = {
				LastSwiftUpdateCheck = 1150;
				LastUpgradeCheck = 1150;
				ORGANIZATIONNAME = "Aaron Chen";
				TargetAttributes = {
					7BB16F5F248D6549009C9611 = {
						CreatedOnToolsVersion = 11.5;
					};
				};
			};
			buildConfigurationList = 7BB16F5B248D6549009C9611 /* Build configuration list for PBXProject "Algorithms_And_LeetCode_Answer" */;
			compatibilityVersion = "Xcode 9.3";
			developmentRegion = en;
			hasScannedForEncodings = 0;
			knownRegions = (
				en,
				Base,
			);
			mainGroup = 7BB16F57248D6549009C9611;
			productRefGroup = 7BB16F61248D6549009C9611 /* Products */;
			projectDirPath = "";
			projectRoot = "";
			targets = (
				7BB16F5F248D6549009C9611 /* Algorithms_And_LeetCode_Answer */,
			);
		};
/* End PBXProject section */

/* Begin PBXSourcesBuildPhase section */
		7BB16F5C248D6549009C9611 /* Sources */ = {
			isa = PBXSourcesBuildPhase;
			buildActionMask = 2147483647;
			files = (
				7BAC434724B52E80001E6A9D /* Reverse Substrings Between Each Pair of Parentheses.swift in Sources */,
				7B8FF57824A40C160090179B /* Path Sum II.swift in Sources */,
				7BB4DC5224AA6CC9006A2AA6 /* Rectangle Overlap.swift in Sources */,
				7BB16F6D248D6E69009C9611 /* Climbing Stairs.swift in Sources */,
				7BB16F6F248D6FB3009C9611 /* Gas Station.swift in Sources */,
				7B3387A824BE19D80030F277 /* Add Binary.swift in Sources */,
				7B930528248ED9A500AA5DBE /* Partition Labels.swift in Sources */,
				7B930520248ED87400AA5DBE /* Longest Increasing Subsequence.swift in Sources */,
				7BC9665024AD8E13002CDF48 /* Generate Parentheses.swift in Sources */,
				7B98F04A24A96EEE00A481DB /* Subsets.swift in Sources */,
				7BCE00CF249A70DF00A8666C /* Set Matrix Zeroes.swift in Sources */,
				7BAB56E124A17A0900D8E870 /* Number of Students Doing Homework at a Given Time.swift in Sources */,
				7B930526248ED96000AA5DBE /* Network Delay Time.swift in Sources */,
				7BCE00D6249A953000A8666C /* Group Anagrams.swift in Sources */,
				7BCE00D8249AA1B100A8666C /* Basic Calculator.swift in Sources */,
				7BD0D03F24BFBC370005AFCB /* Reverse Linked List.swift in Sources */,
				7BB16F6B248D659E009C9611 /* Maximum Subarray.swift in Sources */,
				7BCE00D2249A757F00A8666C /* Array+ArrayTool.swift in Sources */,
				7BB16F73248D7048009C9611 /* Course Schedule II.swift in Sources */,
				7B8FF57624A3F6170090179B /* Binary Tree Coloring Game.swift in Sources */,
				7BC3A98E24B3C32A00D88A52 /* Number of Digit One.swift in Sources */,
				7B3387AA24BE2C5F0030F277 /* 3Sum.swift in Sources */,
				7BC3A99024B3C90E00D88A52 /*  Add Two Numbers.swift in Sources */,
				7BCE00D4249A758800A8666C /* String+DPStringTool.swift in Sources */,
				7B8416F324BD1F46005B65A8 /* Self Dividing Numbers.swift in Sources */,
				7BA3C66C249D6C5F00AAC951 /* Permutations II.swift in Sources */,
				7BB87AE924B296350087309C /* Partition Equal Subset Sum.swift in Sources */,
				7BB16F64248D6549009C9611 /* main.swift in Sources */,
				7B98F04824A9578B00A481DB /* Trapping Rain Water.swift in Sources */,
				7BB16F77248D70B5009C9611 /* Two City Scheduling.swift in Sources */,
				7BB16F71248D6FFC009C9611 /* Course Schedule.swift in Sources */,
				7B8FF57A24A40C2B0090179B /* TreeNode.swift in Sources */,
				7B930524248ED92700AA5DBE /* Sum of Square Numbers.swift in Sources */,
				7B93052A248ED9EA00AA5DBE /* Cheapest Flights Within K Stops.swift in Sources */,
				7BAC434524B529EF001E6A9D /* Single Element in a Sorted Array.swift in Sources */,
				7BA3C66E249D7ABA00AAC951 /* Backspace String Compare.swift in Sources */,
				7BAB56DF24A15A4D00D8E870 /* Ugly Number II.swift in Sources */,
				7BB16F75248D707E009C9611 /* Friend Circles.swift in Sources */,
				7BADD54324A6B50B0000E29A /* Shortest Distance to a Character.swift in Sources */,
				7B8416F124BD1651005B65A8 /* Single Number.swift in Sources */,
				7BD0D03D24BF830E0005AFCB /* Counting Bits.swift in Sources */,
				7B8E919624A2AFDA00A1E4FA /* Asteroid Collision.swift in Sources */,
				7B930522248ED8DB00AA5DBE /* Task Scheduler.swift in Sources */,
				7BADD53F24A6A1FA0000E29A /* Triangle.swift in Sources */,
				7BADD54124A6AB9A0000E29A /* Shift 2D Grid.swift in Sources */,
				7BB222FE249C1D76008BE0C8 /* Number Complement.swift in Sources */,
				7BAB56E324A17CAD00D8E870 /* Find the Minimum Number of Fibonacci Numbers Whose Sum Is K.swift in Sources */,
			);
			runOnlyForDeploymentPostprocessing = 0;
		};
/* End PBXSourcesBuildPhase section */

/* Begin XCBuildConfiguration section */
		7BB16F65248D6549009C9611 /* Debug */ = {
			isa = XCBuildConfiguration;
			buildSettings = {
				ALWAYS_SEARCH_USER_PATHS = NO;
				CLANG_ANALYZER_NONNULL = YES;
				CLANG_ANALYZER_NUMBER_OBJECT_CONVERSION = YES_AGGRESSIVE;
				CLANG_CXX_LANGUAGE_STANDARD = "gnu++14";
				CLANG_CXX_LIBRARY = "libc++";
				CLANG_ENABLE_MODULES = YES;
				CLANG_ENABLE_OBJC_ARC = YES;
				CLANG_ENABLE_OBJC_WEAK = YES;
				CLANG_WARN_BLOCK_CAPTURE_AUTORELEASING = YES;
				CLANG_WARN_BOOL_CONVERSION = YES;
				CLANG_WARN_COMMA = YES;
				CLANG_WARN_CONSTANT_CONVERSION = YES;
				CLANG_WARN_DEPRECATED_OBJC_IMPLEMENTATIONS = YES;
				CLANG_WARN_DIRECT_OBJC_ISA_USAGE = YES_ERROR;
				CLANG_WARN_DOCUMENTATION_COMMENTS = YES;
				CLANG_WARN_EMPTY_BODY = YES;
				CLANG_WARN_ENUM_CONVERSION = YES;
				CLANG_WARN_INFINITE_RECURSION = YES;
				CLANG_WARN_INT_CONVERSION = YES;
				CLANG_WARN_NON_LITERAL_NULL_CONVERSION = YES;
				CLANG_WARN_OBJC_IMPLICIT_RETAIN_SELF = YES;
				CLANG_WARN_OBJC_LITERAL_CONVERSION = YES;
				CLANG_WARN_OBJC_ROOT_CLASS = YES_ERROR;
				CLANG_WARN_RANGE_LOOP_ANALYSIS = YES;
				CLANG_WARN_STRICT_PROTOTYPES = YES;
				CLANG_WARN_SUSPICIOUS_MOVE = YES;
				CLANG_WARN_UNGUARDED_AVAILABILITY = YES_AGGRESSIVE;
				CLANG_WARN_UNREACHABLE_CODE = YES;
				CLANG_WARN__DUPLICATE_METHOD_MATCH = YES;
				COPY_PHASE_STRIP = NO;
				DEBUG_INFORMATION_FORMAT = dwarf;
				ENABLE_STRICT_OBJC_MSGSEND = YES;
				ENABLE_TESTABILITY = YES;
				GCC_C_LANGUAGE_STANDARD = gnu11;
				GCC_DYNAMIC_NO_PIC = NO;
				GCC_NO_COMMON_BLOCKS = YES;
				GCC_OPTIMIZATION_LEVEL = 0;
				GCC_PREPROCESSOR_DEFINITIONS = (
					"DEBUG=1",
					"$(inherited)",
				);
				GCC_WARN_64_TO_32_BIT_CONVERSION = YES;
				GCC_WARN_ABOUT_RETURN_TYPE = YES_ERROR;
				GCC_WARN_UNDECLARED_SELECTOR = YES;
				GCC_WARN_UNINITIALIZED_AUTOS = YES_AGGRESSIVE;
				GCC_WARN_UNUSED_FUNCTION = YES;
				GCC_WARN_UNUSED_VARIABLE = YES;
				MACOSX_DEPLOYMENT_TARGET = 10.15;
				MTL_ENABLE_DEBUG_INFO = INCLUDE_SOURCE;
				MTL_FAST_MATH = YES;
				ONLY_ACTIVE_ARCH = YES;
				SDKROOT = macosx;
				SWIFT_ACTIVE_COMPILATION_CONDITIONS = DEBUG;
				SWIFT_OPTIMIZATION_LEVEL = "-Onone";
			};
			name = Debug;
		};
		7BB16F66248D6549009C9611 /* Release */ = {
			isa = XCBuildConfiguration;
			buildSettings = {
				ALWAYS_SEARCH_USER_PATHS = NO;
				CLANG_ANALYZER_NONNULL = YES;
				CLANG_ANALYZER_NUMBER_OBJECT_CONVERSION = YES_AGGRESSIVE;
				CLANG_CXX_LANGUAGE_STANDARD = "gnu++14";
				CLANG_CXX_LIBRARY = "libc++";
				CLANG_ENABLE_MODULES = YES;
				CLANG_ENABLE_OBJC_ARC = YES;
				CLANG_ENABLE_OBJC_WEAK = YES;
				CLANG_WARN_BLOCK_CAPTURE_AUTORELEASING = YES;
				CLANG_WARN_BOOL_CONVERSION = YES;
				CLANG_WARN_COMMA = YES;
				CLANG_WARN_CONSTANT_CONVERSION = YES;
				CLANG_WARN_DEPRECATED_OBJC_IMPLEMENTATIONS = YES;
				CLANG_WARN_DIRECT_OBJC_ISA_USAGE = YES_ERROR;
				CLANG_WARN_DOCUMENTATION_COMMENTS = YES;
				CLANG_WARN_EMPTY_BODY = YES;
				CLANG_WARN_ENUM_CONVERSION = YES;
				CLANG_WARN_INFINITE_RECURSION = YES;
				CLANG_WARN_INT_CONVERSION = YES;
				CLANG_WARN_NON_LITERAL_NULL_CONVERSION = YES;
				CLANG_WARN_OBJC_IMPLICIT_RETAIN_SELF = YES;
				CLANG_WARN_OBJC_LITERAL_CONVERSION = YES;
				CLANG_WARN_OBJC_ROOT_CLASS = YES_ERROR;
				CLANG_WARN_RANGE_LOOP_ANALYSIS = YES;
				CLANG_WARN_STRICT_PROTOTYPES = YES;
				CLANG_WARN_SUSPICIOUS_MOVE = YES;
				CLANG_WARN_UNGUARDED_AVAILABILITY = YES_AGGRESSIVE;
				CLANG_WARN_UNREACHABLE_CODE = YES;
				CLANG_WARN__DUPLICATE_METHOD_MATCH = YES;
				COPY_PHASE_STRIP = NO;
				DEBUG_INFORMATION_FORMAT = "dwarf-with-dsym";
				ENABLE_NS_ASSERTIONS = NO;
				ENABLE_STRICT_OBJC_MSGSEND = YES;
				GCC_C_LANGUAGE_STANDARD = gnu11;
				GCC_NO_COMMON_BLOCKS = YES;
				GCC_WARN_64_TO_32_BIT_CONVERSION = YES;
				GCC_WARN_ABOUT_RETURN_TYPE = YES_ERROR;
				GCC_WARN_UNDECLARED_SELECTOR = YES;
				GCC_WARN_UNINITIALIZED_AUTOS = YES_AGGRESSIVE;
				GCC_WARN_UNUSED_FUNCTION = YES;
				GCC_WARN_UNUSED_VARIABLE = YES;
				MACOSX_DEPLOYMENT_TARGET = 10.15;
				MTL_ENABLE_DEBUG_INFO = NO;
				MTL_FAST_MATH = YES;
				SDKROOT = macosx;
				SWIFT_COMPILATION_MODE = wholemodule;
				SWIFT_OPTIMIZATION_LEVEL = "-O";
			};
			name = Release;
		};
		7BB16F68248D6549009C9611 /* Debug */ = {
			isa = XCBuildConfiguration;
			buildSettings = {
				CODE_SIGN_STYLE = Automatic;
				DEVELOPMENT_TEAM = 3DMF2RTT68;
				ENABLE_HARDENED_RUNTIME = YES;
				PRODUCT_NAME = "$(TARGET_NAME)";
				SWIFT_VERSION = 5.0;
			};
			name = Debug;
		};
		7BB16F69248D6549009C9611 /* Release */ = {
			isa = XCBuildConfiguration;
			buildSettings = {
				CODE_SIGN_STYLE = Automatic;
				DEVELOPMENT_TEAM = 3DMF2RTT68;
				ENABLE_HARDENED_RUNTIME = YES;
				PRODUCT_NAME = "$(TARGET_NAME)";
				SWIFT_VERSION = 5.0;
			};
			name = Release;
		};
/* End XCBuildConfiguration section */

/* Begin XCConfigurationList section */
		7BB16F5B248D6549009C9611 /* Build configuration list for PBXProject "Algorithms_And_LeetCode_Answer" */ = {
			isa = XCConfigurationList;
			buildConfigurations = (
				7BB16F65248D6549009C9611 /* Debug */,
				7BB16F66248D6549009C9611 /* Release */,
			);
			defaultConfigurationIsVisible = 0;
			defaultConfigurationName = Release;
		};
		7BB16F67248D6549009C9611 /* Build configuration list for PBXNativeTarget "Algorithms_And_LeetCode_Answer" */ = {
			isa = XCConfigurationList;
			buildConfigurations = (
				7BB16F68248D6549009C9611 /* Debug */,
				7BB16F69248D6549009C9611 /* Release */,
			);
			defaultConfigurationIsVisible = 0;
			defaultConfigurationName = Release;
		};
/* End XCConfigurationList section */
	};
	rootObject = 7BB16F58248D6549009C9611 /* Project object */;
}
